
Microsoft Visual Studio Solution File, Format Version 12.00
# Visual Studio Version 17
VisualStudioVersion = 17.10.35013.160
MinimumVisualStudioVersion = 10.0.40219.1
Project("{9A19103F-16F7-4668-BE54-9A1E7A4F7556}") = "HR_system", "HR_system\HR_system.csproj", "{C2059762-6AB8-4E5B-8055-0B87DAFBED57}"
EndProject
Project("{9A19103F-16F7-4668-BE54-9A1E7A4F7556}") = "HR_system.Data", "Data\HR_system.Data.csproj", "{7441CBFA-D01A-46A1-91BB-07E8719DEEDF}"
EndProject
Project("{9A19103F-16F7-4668-BE54-9A1E7A4F7556}") = "HR_system.BLogic", "HR_sustem.BLogic\HR_system.BLogic.csproj", "{C0A7B21B-64F9-40CD-9974-BAB3A975AAB5}"
EndProject
Project("{9A19103F-16F7-4668-BE54-9A1E7A4F7556}") = "HR_system.Constants", "HR_system.Constants\HR_system.Constants.csproj", "{703A9892-9A9C-4197-B9D1-C021B4543E5A}"
EndProject
Project("{9A19103F-16F7-4668-BE54-9A1E7A4F7556}") = "HR_system.Test", "HR_system.Test\HR_system.Test.csproj", "{FBB1A9F0-1A46-4C10-9351-66D02763196F}"
EndProject
Global
	GlobalSection(SolutionConfigurationPlatforms) = preSolution
		Debug|Any CPU = Debug|Any CPU
		Release|Any CPU = Release|Any CPU
	EndGlobalSection
	GlobalSection(ProjectConfigurationPlatforms) = postSolution
		{C2059762-6AB8-4E5B-8055-0B87DAFBED57}.Debug|Any CPU.ActiveCfg = Debug|Any CPU
		{C2059762-6AB8-4E5B-8055-0B87DAFBED57}.Debug|Any CPU.Build.0 = Debug|Any CPU
		{C2059762-6AB8-4E5B-8055-0B87DAFBED57}.Release|Any CPU.ActiveCfg = Release|Any CPU
		{C2059762-6AB8-4E5B-8055-0B87DAFBED57}.Release|Any CPU.Build.0 = Release|Any CPU
		{7441CBFA-D01A-46A1-91BB-07E8719DEEDF}.Debug|Any CPU.ActiveCfg = Debug|Any CPU
		{7441CBFA-D01A-46A1-91BB-07E8719DEEDF}.Debug|Any CPU.Build.0 = Debug|Any CPU
		{7441CBFA-D01A-46A1-91BB-07E8719DEEDF}.Release|Any CPU.ActiveCfg = Release|Any CPU
		{7441CBFA-D01A-46A1-91BB-07E8719DEEDF}.Release|Any CPU.Build.0 = Release|Any CPU
		{C0A7B21B-64F9-40CD-9974-BAB3A975AAB5}.Debug|Any CPU.ActiveCfg = Debug|Any CPU
		{C0A7B21B-64F9-40CD-9974-BAB3A975AAB5}.Debug|Any CPU.Build.0 = Debug|Any CPU
		{C0A7B21B-64F9-40CD-9974-BAB3A975AAB5}.Release|Any CPU.ActiveCfg = Release|Any CPU
		{C0A7B21B-64F9-40CD-9974-BAB3A975AAB5}.Release|Any CPU.Build.0 = Release|Any CPU
		{703A9892-9A9C-4197-B9D1-C021B4543E5A}.Debug|Any CPU.ActiveCfg = Debug|Any CPU
		{703A9892-9A9C-4197-B9D1-C021B4543E5A}.Debug|Any CPU.Build.0 = Debug|Any CPU
		{703A9892-9A9C-4197-B9D1-C021B4543E5A}.Release|Any CPU.ActiveCfg = Release|Any CPU
		{703A9892-9A9C-4197-B9D1-C021B4543E5A}.Release|Any CPU.Build.0 = Release|Any CPU
		{FBB1A9F0-1A46-4C10-9351-66D02763196F}.Debug|Any CPU.ActiveCfg = Debug|Any CPU
		{FBB1A9F0-1A46-4C10-9351-66D02763196F}.Debug|Any CPU.Build.0 = Debug|Any CPU
		{FBB1A9F0-1A46-4C10-9351-66D02763196F}.Release|Any CPU.ActiveCfg = Release|Any CPU
		{FBB1A9F0-1A46-4C10-9351-66D02763196F}.Release|Any CPU.Build.0 = Release|Any CPU
	EndGlobalSection
	GlobalSection(SolutionProperties) = preSolution
		HideSolutionNode = FALSE
	EndGlobalSection
	GlobalSection(ExtensibilityGlobals) = postSolution
		SolutionGuid = {A40F5EA4-0CB9-4DA4-A4DD-EF27A1EAA4F0}
	EndGlobalSection
EndGlobal
